
Microsoft Visual Studio Solution File, Format Version 12.00
# Visual Studio Version 16
VisualStudioVersion = 16.0.29709.97
MinimumVisualStudioVersion = 10.0.40219.1
Project("{9A19103F-16F7-4668-BE54-9A1E7A4F7556}") = "IdentityServer4Project", "IdentityServer4\IdentityServer4Project.csproj", "{1E17846B-B1DA-4994-BCEB-DBFB7BC7B4CF}"
EndProject
Project("{9A19103F-16F7-4668-BE54-9A1E7A4F7556}") = "BackendApiCore", "BackendApiCore\BackendApiCore.csproj", "{53BFBF50-A42D-45F4-87DD-0C8B7C0FA261}"
EndProject
Global
	GlobalSection(SolutionConfigurationPlatforms) = preSolution
		Debug|Any CPU = Debug|Any CPU
		Release|Any CPU = Release|Any CPU
	EndGlobalSection
	GlobalSection(ProjectConfigurationPlatforms) = postSolution
		{1E17846B-B1DA-4994-BCEB-DBFB7BC7B4CF}.Debug|Any CPU.ActiveCfg = Debug|Any CPU
		{1E17846B-B1DA-4994-BCEB-DBFB7BC7B4CF}.Debug|Any CPU.Build.0 = Debug|Any CPU
		{1E17846B-B1DA-4994-BCEB-DBFB7BC7B4CF}.Release|Any CPU.ActiveCfg = Release|Any CPU
		{1E17846B-B1DA-4994-BCEB-DBFB7BC7B4CF}.Release|Any CPU.Build.0 = Release|Any CPU
		{53BFBF50-A42D-45F4-87DD-0C8B7C0FA261}.Debug|Any CPU.ActiveCfg = Debug|Any CPU
		{53BFBF50-A42D-45F4-87DD-0C8B7C0FA261}.Debug|Any CPU.Build.0 = Debug|Any CPU
		{53BFBF50-A42D-45F4-87DD-0C8B7C0FA261}.Release|Any CPU.ActiveCfg = Release|Any CPU
		{53BFBF50-A42D-45F4-87DD-0C8B7C0FA261}.Release|Any CPU.Build.0 = Release|Any CPU
	EndGlobalSection
	GlobalSection(SolutionProperties) = preSolution
		HideSolutionNode = FALSE
	EndGlobalSection
	GlobalSection(ExtensibilityGlobals) = postSolution
		SolutionGuid = {C68DCE5B-F4AF-435A-BF67-FEE896BAFAC9}
	EndGlobalSection
EndGlobal
